
Microsoft Visual Studio Solution File, Format Version 12.00
# Visual Studio Version 17
VisualStudioVersion = 17.8.34511.84
MinimumVisualStudioVersion = 10.0.40219.1
Project("{FAE04EC0-301F-11D3-BF4B-00C04F79EFBC}") = "OOP-Multithreading", "OOP-Multithreading\OOP-Multithreading.csproj", "{8F33174A-19F6-4EB7-8522-2A0DDC4B96B3}"
EndProject
Global
	GlobalSection(SolutionConfigurationPlatforms) = preSolution
		Debug|Any CPU = Debug|Any CPU
		Release|Any CPU = Release|Any CPU
	EndGlobalSection
	GlobalSection(ProjectConfigurationPlatforms) = postSolution
		{8F33174A-19F6-4EB7-8522-2A0DDC4B96B3}.Debug|Any CPU.ActiveCfg = Debug|Any CPU
		{8F33174A-19F6-4EB7-8522-2A0DDC4B96B3}.Debug|Any CPU.Build.0 = Debug|Any CPU
		{8F33174A-19F6-4EB7-8522-2A0DDC4B96B3}.Release|Any CPU.ActiveCfg = Release|Any CPU
		{8F33174A-19F6-4EB7-8522-2A0DDC4B96B3}.Release|Any CPU.Build.0 = Release|Any CPU
	EndGlobalSection
	GlobalSection(SolutionProperties) = preSolution
		HideSolutionNode = FALSE
	EndGlobalSection
	GlobalSection(ExtensibilityGlobals) = postSolution
		SolutionGuid = {7D1E12F8-D1FD-4ED7-88D3-B8E42FB810E7}
	EndGlobalSection
EndGlobal
